
Microsoft Visual Studio Solution File, Format Version 12.00
# Visual Studio 15
VisualStudioVersion = 15.0.28010.2016
MinimumVisualStudioVersion = 10.0.40219.1
Project("{FAE04EC0-301F-11D3-BF4B-00C04F79EFBC}") = "Lab.2", "Lab.2\Lab.2.csproj", "{64DBC72D-127E-4E37-9E25-C6542E248DFD}"
EndProject
Global
	GlobalSection(SolutionConfigurationPlatforms) = preSolution
		Debug|Any CPU = Debug|Any CPU
		Release|Any CPU = Release|Any CPU
	EndGlobalSection
	GlobalSection(ProjectConfigurationPlatforms) = postSolution
		{64DBC72D-127E-4E37-9E25-C6542E248DFD}.Debug|Any CPU.ActiveCfg = Debug|Any CPU
		{64DBC72D-127E-4E37-9E25-C6542E248DFD}.Debug|Any CPU.Build.0 = Debug|Any CPU
		{64DBC72D-127E-4E37-9E25-C6542E248DFD}.Release|Any CPU.ActiveCfg = Release|Any CPU
		{64DBC72D-127E-4E37-9E25-C6542E248DFD}.Release|Any CPU.Build.0 = Release|Any CPU
	EndGlobalSection
	GlobalSection(SolutionProperties) = preSolution
		HideSolutionNode = FALSE
	EndGlobalSection
	GlobalSection(ExtensibilityGlobals) = postSolution
		SolutionGuid = {21EDBAF2-33BD-4954-AB90-3A4BE411AEC5}
	EndGlobalSection
EndGlobal
